
Microsoft Visual Studio Solution File, Format Version 12.00
# Visual Studio Version 16
VisualStudioVersion = 16.0.32126.315
MinimumVisualStudioVersion = 10.0.40219.1
Project("{FAE04EC0-301F-11D3-BF4B-00C04F79EFBC}") = "Filosof", "Filosof\Filosof.csproj", "{C13EC0E6-20BE-43F1-82F1-B651D7BE6C45}"
EndProject
Global
	GlobalSection(SolutionConfigurationPlatforms) = preSolution
		Debug|Any CPU = Debug|Any CPU
		Release|Any CPU = Release|Any CPU
	EndGlobalSection
	GlobalSection(ProjectConfigurationPlatforms) = postSolution
		{C13EC0E6-20BE-43F1-82F1-B651D7BE6C45}.Debug|Any CPU.ActiveCfg = Debug|Any CPU
		{C13EC0E6-20BE-43F1-82F1-B651D7BE6C45}.Debug|Any CPU.Build.0 = Debug|Any CPU
		{C13EC0E6-20BE-43F1-82F1-B651D7BE6C45}.Release|Any CPU.ActiveCfg = Release|Any CPU
		{C13EC0E6-20BE-43F1-82F1-B651D7BE6C45}.Release|Any CPU.Build.0 = Release|Any CPU
	EndGlobalSection
	GlobalSection(SolutionProperties) = preSolution
		HideSolutionNode = FALSE
	EndGlobalSection
	GlobalSection(ExtensibilityGlobals) = postSolution
		SolutionGuid = {FB5C6596-D79C-4A8D-A849-6D9E912201E9}
	EndGlobalSection
EndGlobal
